{
  "name": "seedsbotnet",
  "version": "1.0.0",
  "lockfileVersion": 1,
  "requires": true,
  "dependencies": {
    "claygl": {
      "version": "1.3.0",
      "resolved": "https://registry.npmjs.org/claygl/-/claygl-1.3.0.tgz",
      "integrity": "sha512-+gGtJjT6SSHD2l2yC3MCubW/sCV40tZuSs5opdtn79vFSGUgp/lH139RNEQ6Jy078/L0aV8odCw8RSrUcMfLaQ=="
    },
    "cytoscape": {
      "version": "3.5.7",
      "resolved": "https://registry.npmjs.org/cytoscape/-/cytoscape-3.5.7.tgz",
      "integrity": "sha512-UThyXtLask8/IKyHi6w/REnNp1fQX5a9g7QDWn+hF+OOZTd9kOJD4B/7Ppjo5TKe7In+kjCXuyIfc07hfrHUAg==",
      "requires": {
        "heap": "^0.2.6",
        "lodash.debounce": "^4.0.8"
      }
    },
    "cytoscape-canvas": {
      "version": "3.0.1",
      "resolved": "https://registry.npmjs.org/cytoscape-canvas/-/cytoscape-canvas-3.0.1.tgz",
      "integrity": "sha512-R1nCLnJHGTR5fWEpNQQBPyoigdnfhnk1lOHegzmzz1Kg6yxzVf0hfdRAMa0wPAhtC4kkgyoViiIfZ/zyCqMhEQ=="
    },
    "cytoscape-expand-collapse": {
      "version": "3.1.2",
      "resolved": "https://registry.npmjs.org/cytoscape-expand-collapse/-/cytoscape-expand-collapse-3.1.2.tgz",
      "integrity": "sha512-yClfo0z2IqEkhlOipUh85k1kJGSgxaSKs4e30KO1mDIXPKOnvL/iQhVXmNt9+KmuIGg9YtNt09P0j3F4BN3WsA=="
    },
    "echarts-countries-js": {
      "version": "1.0.4",
      "resolved": "https://registry.npmjs.org/echarts-countries-js/-/echarts-countries-js-1.0.4.tgz",
      "integrity": "sha512-kxOkK2nEu2SUqaGAgktQ8fAcQ1RvxPi+dJsrrLPsYy0mu4kvYIrxqFAHZnvpeUwzhdqStZgNlpTzg+x7YyHrFA=="
    },
    "echarts-gl": {
      "version": "1.1.1",
      "resolved": "https://registry.npmjs.org/echarts-gl/-/echarts-gl-1.1.1.tgz",
      "integrity": "sha512-cRSTU9H+Ay+qCUFowm+2XcxYqCfi/OLK805NISeJunKgJa5p+7p7tnHZoI0qKebjtHu8VbFSOBk9UvWZ01adng==",
      "requires": {
        "claygl": "^1.2.1",
        "zrender": "^4.0.4"
      }
    },
    "echarts-map-geo": {
      "version": "1.0.5",
      "resolved": "https://registry.npmjs.org/echarts-map-geo/-/echarts-map-geo-1.0.5.tgz",
      "integrity": "sha512-+4m/cWgYq7kYl6euO0A54gxl2bE6z7UB+TJ/NHXtrhdE85ocih0n1Q/fqc+pA+9Yrv+w0uDdSM8uds8GwXvNoQ=="
    },
    "heap": {
      "version": "0.2.6",
      "resolved": "https://registry.npmjs.org/heap/-/heap-0.2.6.tgz",
      "integrity": "sha1-CH4fELBGky/IWU3Z5tN4r8nR5aw="
    },
    "jquery": {
      "version": "3.6.0",
      "resolved": "https://registry.npmjs.org/jquery/-/jquery-3.6.0.tgz",
      "integrity": "sha512-JVzAR/AjBvVt2BmYhxRCSYysDsPcssdmTFnzyLEts9qNwmjmu4JTAMYubEfwVOSwpQ1I1sKKFcxhZCI2buerfw=="
    },
    "lodash.debounce": {
      "version": "4.0.8",
      "resolved": "https://registry.npmjs.org/lodash.debounce/-/lodash.debounce-4.0.8.tgz",
      "integrity": "sha1-gteb/zCmfEAF/9XiUVMArZyk168="
    },
    "zrender": {
      "version": "4.0.7",
      "resolved": "https://registry.npmjs.org/zrender/-/zrender-4.0.7.tgz",
      "integrity": "sha512-TNloHe0ums6zxbHfnaCryM61J4IWDajZwNq6dHk9vfWhhysO/OeFvvR0drBs/nbXha2YxSzfQj2FiCd6RVBe+Q=="
    }
  }
}
